
Microsoft Visual Studio Solution File, Format Version 12.00
# Visual Studio Version 16
VisualStudioVersion = 16.0.29613.14
MinimumVisualStudioVersion = 10.0.40219.1
Project("{FAE04EC0-301F-11D3-BF4B-00C04F79EFBC}") = "first_project", "first_project\first_project.csproj", "{E9FD9B5C-227D-4E1C-B6C8-A02584BBD2A1}"
EndProject
Global
	GlobalSection(SolutionConfigurationPlatforms) = preSolution
		Debug|Any CPU = Debug|Any CPU
		Release|Any CPU = Release|Any CPU
	EndGlobalSection
	GlobalSection(ProjectConfigurationPlatforms) = postSolution
		{E9FD9B5C-227D-4E1C-B6C8-A02584BBD2A1}.Debug|Any CPU.ActiveCfg = Debug|Any CPU
		{E9FD9B5C-227D-4E1C-B6C8-A02584BBD2A1}.Debug|Any CPU.Build.0 = Debug|Any CPU
		{E9FD9B5C-227D-4E1C-B6C8-A02584BBD2A1}.Release|Any CPU.ActiveCfg = Release|Any CPU
		{E9FD9B5C-227D-4E1C-B6C8-A02584BBD2A1}.Release|Any CPU.Build.0 = Release|Any CPU
	EndGlobalSection
	GlobalSection(SolutionProperties) = preSolution
		HideSolutionNode = FALSE
	EndGlobalSection
	GlobalSection(ExtensibilityGlobals) = postSolution
		SolutionGuid = {6E8B1DAA-A768-45BF-BB3B-D12BB3B27234}
	EndGlobalSection
EndGlobal
